
Microsoft Visual Studio Solution File, Format Version 12.00
Project("{FAE04EC0-301F-11D3-BF4B-00C04F79EFBC}") = "TweetService", "TweetService\TweetService.csproj", "{E540CDEE-1876-436B-9619-5190EDF0A601}"
EndProject
Project("{FAE04EC0-301F-11D3-BF4B-00C04F79EFBC}") = "TimelineService", "TimelineService\TimelineService.csproj", "{8ACF30F1-16D0-4826-944A-DE417FA20C6B}"
EndProject
Project("{FAE04EC0-301F-11D3-BF4B-00C04F79EFBC}") = "SharedModels", "SharedModels\SharedModels.csproj", "{30AA648C-650A-4653-97CD-E367AD0344CF}"
EndProject
Project("{FAE04EC0-301F-11D3-BF4B-00C04F79EFBC}") = "ApiGateway", "ApiGateway\ApiGateway.csproj", "{2329F768-25C4-4A9E-8C74-18AD5F9852E4}"
EndProject
Project("{FAE04EC0-301F-11D3-BF4B-00C04F79EFBC}") = "AuthenticationService", "AuthenticationService\AuthenticationService.csproj", "{8ABE74A6-0B1A-4FBC-BCF4-5B45FB4FCB20}"
EndProject
Project("{FAE04EC0-301F-11D3-BF4B-00C04F79EFBC}") = "TimelineService.Test", "TimelineService.Test\TimelineService.Test.csproj", "{3F4E936E-47DE-4C73-8BCF-B812C0E36460}"
EndProject
Global
	GlobalSection(SolutionConfigurationPlatforms) = preSolution
		Debug|Any CPU = Debug|Any CPU
		Release|Any CPU = Release|Any CPU
	EndGlobalSection
	GlobalSection(ProjectConfigurationPlatforms) = postSolution
		{E540CDEE-1876-436B-9619-5190EDF0A601}.Debug|Any CPU.ActiveCfg = Debug|Any CPU
		{E540CDEE-1876-436B-9619-5190EDF0A601}.Debug|Any CPU.Build.0 = Debug|Any CPU
		{E540CDEE-1876-436B-9619-5190EDF0A601}.Release|Any CPU.ActiveCfg = Release|Any CPU
		{E540CDEE-1876-436B-9619-5190EDF0A601}.Release|Any CPU.Build.0 = Release|Any CPU
		{8ACF30F1-16D0-4826-944A-DE417FA20C6B}.Debug|Any CPU.ActiveCfg = Debug|Any CPU
		{8ACF30F1-16D0-4826-944A-DE417FA20C6B}.Debug|Any CPU.Build.0 = Debug|Any CPU
		{8ACF30F1-16D0-4826-944A-DE417FA20C6B}.Release|Any CPU.ActiveCfg = Release|Any CPU
		{8ACF30F1-16D0-4826-944A-DE417FA20C6B}.Release|Any CPU.Build.0 = Release|Any CPU
		{30AA648C-650A-4653-97CD-E367AD0344CF}.Debug|Any CPU.ActiveCfg = Debug|Any CPU
		{30AA648C-650A-4653-97CD-E367AD0344CF}.Debug|Any CPU.Build.0 = Debug|Any CPU
		{30AA648C-650A-4653-97CD-E367AD0344CF}.Release|Any CPU.ActiveCfg = Release|Any CPU
		{30AA648C-650A-4653-97CD-E367AD0344CF}.Release|Any CPU.Build.0 = Release|Any CPU
		{2329F768-25C4-4A9E-8C74-18AD5F9852E4}.Debug|Any CPU.ActiveCfg = Debug|Any CPU
		{2329F768-25C4-4A9E-8C74-18AD5F9852E4}.Debug|Any CPU.Build.0 = Debug|Any CPU
		{2329F768-25C4-4A9E-8C74-18AD5F9852E4}.Release|Any CPU.ActiveCfg = Release|Any CPU
		{2329F768-25C4-4A9E-8C74-18AD5F9852E4}.Release|Any CPU.Build.0 = Release|Any CPU
		{8ABE74A6-0B1A-4FBC-BCF4-5B45FB4FCB20}.Debug|Any CPU.ActiveCfg = Debug|Any CPU
		{8ABE74A6-0B1A-4FBC-BCF4-5B45FB4FCB20}.Debug|Any CPU.Build.0 = Debug|Any CPU
		{8ABE74A6-0B1A-4FBC-BCF4-5B45FB4FCB20}.Release|Any CPU.ActiveCfg = Release|Any CPU
		{8ABE74A6-0B1A-4FBC-BCF4-5B45FB4FCB20}.Release|Any CPU.Build.0 = Release|Any CPU
		{3F4E936E-47DE-4C73-8BCF-B812C0E36460}.Debug|Any CPU.ActiveCfg = Debug|Any CPU
		{3F4E936E-47DE-4C73-8BCF-B812C0E36460}.Debug|Any CPU.Build.0 = Debug|Any CPU
		{3F4E936E-47DE-4C73-8BCF-B812C0E36460}.Release|Any CPU.ActiveCfg = Release|Any CPU
		{3F4E936E-47DE-4C73-8BCF-B812C0E36460}.Release|Any CPU.Build.0 = Release|Any CPU
	EndGlobalSection
EndGlobal
